# This file is automatically @generated by Cargo.
# It is not intended for manual editing.
version = 4

[[package]]
name = "podbay-cli"
version = "0.1.0"
dependencies = [
 "podbay-client",
 "podbay-core",
]

[[package]]
name = "podbay-client"
version = "0.1.0"
dependencies = [
 "podbay-core",
]

[[package]]
name = "podbay-core"
version = "0.1.0"

[[package]]
name = "podbay-host"
version = "0.1.0"
dependencies = [
 "podbay-core",
]

[[package]]
name = "podbay-pod"
version = "0.1.0"
dependencies = [
 "podbay-core",
 "podbay-store",
]

[[package]]
name = "podbay-store"
version = "0.1.0"
dependencies = [
 "podbay-core",
]
