# This file is automatically @generated by Cargo.
# It is not intended for manual editing.
version = 4

[[package]]
name = "ed25519-compact"
version = "2.6.0"
source = "registry+https://github.com/rust-lang/crates.io-index"
checksum = "1454db4f2edb7f0e8fe0c5b375b0c978fc63244cc9f010d160e417eb10139aa8"

[[package]]
name = "libc"
version = "0.2.190"
source = "registry+https://github.com/rust-lang/crates.io-index"
checksum = "ce5d3ddc6d3fa000eb1536d85e147bfe31aacaba692ed6a876f95cb7c855be78"

[[package]]
name = "podbay-readiness-private-fixture"
version = "0.0.0"
dependencies = [
 "ed25519-compact",
 "libc",
]
